PODS:
  - ASN1Decoder (1.3.3)
  - BigInt (5.0.0)
  - BluetoothKit (0.4.0)
  - CryptoSwift (1.3.1)
  - DeepLinkKit (1.5.1)
  - FaceCropper (1.0.0)
  - FaceVerifier (0.0.1):
    - FaceCropper
  - FlagKit (2.2)
  - JOSESwift (2.2.1)
  - KeychainSwift (19.0.0)
  - OrderedDictionary (0.0.1)
  - PotentASN1 (0.0.1):
    - BigInt
    - OrderedDictionary
    - PotentCodables
  - PotentCBOR (0.0.1):
    - PotentCodables
  - PotentCodables (0.0.1)
  - PotentJSON (0.0.1):
    - PotentCodables
  - PromiseKit (6.13.1):
    - PromiseKit/CorePromise (= 6.13.1)
    - PromiseKit/Foundation (= 6.13.1)
    - PromiseKit/UIKit (= 6.13.1)
  - PromiseKit/CorePromise (6.13.1)
  - PromiseKit/Foundation (6.13.1):
    - PromiseKit/CorePromise
  - PromiseKit/UIKit (6.13.1):
    - PromiseKit/CorePromise
  - QKMRZParser (1.0.1)
  - Realm (5.1.0):
    - Realm/Headers (= 5.1.0)
  - Realm/Headers (5.1.0)
  - RealmSwift (5.1.0):
    - Realm (= 5.1.0)
  - Shield (0.0.1):
    - PotentCodables
    - ShieldCrypto
    - ShieldPKCS
    - ShieldSecurity
    - ShieldX500
    - ShieldX509
  - ShieldCrypto (0.0.1)
  - ShieldOID (0.0.1):
    - PotentASN1
  - ShieldPKCS (0.0.1):
    - PotentASN1
  - ShieldSecurity (0.0.1):
    - PotentASN1
    - ShieldCrypto
    - ShieldOID
    - ShieldPKCS
    - ShieldX500
    - ShieldX509
    - STRegex
  - ShieldX500 (0.0.1):
    - PotentASN1
    - PotentCodables
    - ShieldOID
  - ShieldX509 (0.0.1):
    - PotentASN1
    - ShieldCrypto
    - ShieldPKCS
    - ShieldX500
  - STRegex (2.1.1)
  - SvipeCA (0.0.1):
    - JOSESwift
    - RealmSwift
    - ShieldX509
    - SvipeCommon
    - SvipeReader
    - SvipeStore
  - SvipeCommon (0.0.1)
  - SvipeKit (0.0.1):
    - DeepLinkKit
    - FaceVerifier
    - PromiseKit
    - SvipeCA
    - SvipeCommon
    - SvipeMRZ
    - SvipeReader
    - SvipeStore
  - SvipeMRZ (0.0.1):
    - QKMRZParser
    - SwiftyTesseract
  - SvipeReader (0.0.1)
  - SvipeStore (0.0.1):
    - ASN1Decoder
    - BigInt
    - BluetoothKit
    - CryptoSwift
    - FlagKit
    - JOSESwift
    - KeychainSwift
    - PotentCBOR
    - PotentCodables
    - Shield
    - SvipeCommon
    - SvipeReader
    - SwiftCBOR
    - SwiftyBeaver
  - SwiftCBOR (0.4.3)
  - SwiftyBeaver (1.9.1)
  - SwiftyTesseract (2.2.2)

DEPENDENCIES:
  - ASN1Decoder (from `https://github.com/filom/ASN1Decoder`, branch `master`)
  - BluetoothKit (from `https://github.com/svipe/BluetoothKit.git`, branch `master`)
  - FaceVerifier (from `../FaceVerifier`)
  - OrderedDictionary (from `https://github.com/svipe/OrderedDictionary.git`, branch `master`)
  - PotentASN1 (from `https://github.com/svipe/PotentCodables.git`, branch `master`)
  - PotentCBOR (from `https://github.com/svipe/PotentCodables.git`, branch `master`)
  - PotentCodables (from `https://github.com/svipe/PotentCodables.git`, branch `master`)
  - PotentJSON (from `https://github.com/svipe/PotentCodables.git`, branch `master`)
  - Shield (from `https://github.com/svipe/Shield.git`, branch `master`)
  - ShieldCrypto (from `https://github.com/svipe/Shield.git`, branch `master`)
  - ShieldOID (from `https://github.com/svipe/Shield.git`, branch `master`)
  - ShieldPKCS (from `https://github.com/svipe/Shield.git`, branch `master`)
  - ShieldSecurity (from `https://github.com/svipe/Shield.git`, branch `master`)
  - ShieldX500 (from `https://github.com/svipe/Shield.git`, branch `master`)
  - ShieldX509 (from `https://github.com/svipe/Shield.git`, branch `master`)
  - SvipeCA (from `../SvipeCA`)
  - SvipeCommon (from `../SvipeCommon`)
  - SvipeKit (from `.`)
  - SvipeMRZ (from `../SvipeMRZ`)
  - SvipeReader (from `../SvipeReader`)
  - SvipeStore (from `../SvipeStore`)
  - SwiftyTesseract (from `https://github.com/svipe/SwiftyTesseract.git`, branch `master`)

SPEC REPOS:
  trunk:
    - BigInt
    - CryptoSwift
    - DeepLinkKit
    - FaceCropper
    - FlagKit
    - JOSESwift
    - KeychainSwift
    - PromiseKit
    - QKMRZParser
    - Realm
    - RealmSwift
    - STRegex
    - SwiftCBOR
    - SwiftyBeaver

EXTERNAL SOURCES:
  ASN1Decoder:
    :branch: :master
    :git: https://github.com/filom/ASN1Decoder
  BluetoothKit:
    :branch: :master
    :git: https://github.com/svipe/BluetoothKit.git
  FaceVerifier:
    :path: "../FaceVerifier"
  OrderedDictionary:
    :branch: :master
    :git: https://github.com/svipe/OrderedDictionary.git
  PotentASN1:
    :branch: :master
    :git: https://github.com/svipe/PotentCodables.git
  PotentCBOR:
    :branch: :master
    :git: https://github.com/svipe/PotentCodables.git
  PotentCodables:
    :branch: :master
    :git: https://github.com/svipe/PotentCodables.git
  PotentJSON:
    :branch: :master
    :git: https://github.com/svipe/PotentCodables.git
  Shield:
    :branch: :master
    :git: https://github.com/svipe/Shield.git
  ShieldCrypto:
    :branch: :master
    :git: https://github.com/svipe/Shield.git
  ShieldOID:
    :branch: :master
    :git: https://github.com/svipe/Shield.git
  ShieldPKCS:
    :branch: :master
    :git: https://github.com/svipe/Shield.git
  ShieldSecurity:
    :branch: :master
    :git: https://github.com/svipe/Shield.git
  ShieldX500:
    :branch: :master
    :git: https://github.com/svipe/Shield.git
  ShieldX509:
    :branch: :master
    :git: https://github.com/svipe/Shield.git
  SvipeCA:
    :path: "../SvipeCA"
  SvipeCommon:
    :path: "../SvipeCommon"
  SvipeKit:
    :path: "."
  SvipeMRZ:
    :path: "../SvipeMRZ"
  SvipeReader:
    :path: "../SvipeReader"
  SvipeStore:
    :path: "../SvipeStore"
  SwiftyTesseract:
    :branch: :master
    :git: https://github.com/svipe/SwiftyTesseract.git

CHECKOUT OPTIONS:
  ASN1Decoder:
    :commit: fa6e07fcc46814f34c49dc212246739372e65f96
    :git: https://github.com/filom/ASN1Decoder
  BluetoothKit:
    :commit: 046246643a7bb00cd8736bc0d5f6cc2e9d622dde
    :git: https://github.com/svipe/BluetoothKit.git
  OrderedDictionary:
    :commit: 372b7a10a916d049fe35aa14a01081dd6e25ca10
    :git: https://github.com/svipe/OrderedDictionary.git
  PotentASN1:
    :commit: 79ca1edae4e1d7540bd19ce1e9782cc0ab5ec671
    :git: https://github.com/svipe/PotentCodables.git
  PotentCBOR:
    :commit: 79ca1edae4e1d7540bd19ce1e9782cc0ab5ec671
    :git: https://github.com/svipe/PotentCodables.git
  PotentCodables:
    :commit: 79ca1edae4e1d7540bd19ce1e9782cc0ab5ec671
    :git: https://github.com/svipe/PotentCodables.git
  PotentJSON:
    :commit: 79ca1edae4e1d7540bd19ce1e9782cc0ab5ec671
    :git: https://github.com/svipe/PotentCodables.git
  Shield:
    :commit: 02c8c81ac13a92ef3dc3f7083383eff31eb0d2ae
    :git: https://github.com/svipe/Shield.git
  ShieldCrypto:
    :commit: 02c8c81ac13a92ef3dc3f7083383eff31eb0d2ae
    :git: https://github.com/svipe/Shield.git
  ShieldOID:
    :commit: 02c8c81ac13a92ef3dc3f7083383eff31eb0d2ae
    :git: https://github.com/svipe/Shield.git
  ShieldPKCS:
    :commit: 02c8c81ac13a92ef3dc3f7083383eff31eb0d2ae
    :git: https://github.com/svipe/Shield.git
  ShieldSecurity:
    :commit: 02c8c81ac13a92ef3dc3f7083383eff31eb0d2ae
    :git: https://github.com/svipe/Shield.git
  ShieldX500:
    :commit: 02c8c81ac13a92ef3dc3f7083383eff31eb0d2ae
    :git: https://github.com/svipe/Shield.git
  ShieldX509:
    :commit: 02c8c81ac13a92ef3dc3f7083383eff31eb0d2ae
    :git: https://github.com/svipe/Shield.git
  SwiftyTesseract:
    :commit: f619483eae4e57a53f710989389bf6ab93d9e19f
    :git: https://github.com/svipe/SwiftyTesseract.git

SPEC CHECKSUMS:
  ASN1Decoder: c85bbe9d75370dab47503c13c4de213adf3a1442
  BigInt: 74b4d88367b0e819d9f77393549226d36faeb0d8
  BluetoothKit: 9d2359d9f5156afc2787a6c0baaa06a8f9b87dc2
  CryptoSwift: f12f037f6d0fcd6d48c96db0071b653de64e6c4d
  DeepLinkKit: 9f300348cbb20ef8389a5018a57d8c9952b1831c
  FaceCropper: 5037221c279db6ae3cea68e76ac4165c85c7c291
  FaceVerifier: 4079e1be24ff5c755b5e9b82b2168c2f6d2a2047
  FlagKit: eca7dc89064b0c986302ba9acefad1bf80a435b1
  JOSESwift: d65ba32c7bceae9982e85e62d35de1f8d135cc89
  KeychainSwift: a06190cf933ad46b1e0abc3d77d29c06331715c7
  OrderedDictionary: f485269ff07966397900f549492b84596d00188c
  PotentASN1: d6c1a0d1dabe6aac8530c5baa0e53d81afca05d2
  PotentCBOR: 21cadc9942b1dea8ab63a1c980d792b4a45373a9
  PotentCodables: 62d3a0482ba0e6a8422cb25e86abb3ac86b9b7e8
  PotentJSON: d2ec2755a6ac2101e393e97a0ea7304f6355ed1f
  PromiseKit: 28fda91c973cc377875d8c0ea4f973013c05b6db
  QKMRZParser: 07921dbffa7e4064406113731bc0f1f5e6210bce
  Realm: bdea546851e37b4cf0a2400cef115c7c26fda488
  RealmSwift: 70945aa168db93b215c460e9c8ef680261aa28af
  Shield: dca5255c7af479da19cd4f6fa68d0fa5d40d52bd
  ShieldCrypto: 1ce20b0512a953c41eb59d9443c5f790ead06a1b
  ShieldOID: db707df6516781eec31b5a92be1987a4fcb507c6
  ShieldPKCS: bea3d3c0a000e1fba866b397ed151979cb2e5dec
  ShieldSecurity: 2c5f83342b2fe23c4c02342d6aeb006bf98986ae
  ShieldX500: 5ea0db77f5bb76e6619aad394c11ea5cd3b3cc34
  ShieldX509: 902025764ae1e4a0ae406c3654b881e9216e6dd5
  STRegex: d49e88d0fe58538d3175fdd989bc1243b9be2a07
  SvipeCA: b3c2f2e8aa2c3dfc19974bea896db66d619d3cc1
  SvipeCommon: 09521621aebf90c3c7a5ba8245fb4d94e7e3b391
  SvipeKit: 31ad2dfbb9ee80bfdb70f13df18a6d6408ae43ed
  SvipeMRZ: d67fa36805dc532420660d51329c695518dd51ce
  SvipeReader: 54cf47372cc88fa1c2e0b8197c9fb94d99b62624
  SvipeStore: 55f8e52f90b41db1d92780453816e9484230deb9
  SwiftCBOR: c7d740966575e0fd5d971466de2b6776db3f10c3
  SwiftyBeaver: a1f5691458561414bcfab51874b2b7445451602b
  SwiftyTesseract: a05d2c6771872f203a9ba65055cb2a8b6a385552

PODFILE CHECKSUM: a41e8d1c6e061b6a7ef9ae4cb65fe2fa58951571

COCOAPODS: 1.9.3
